// !$*UTF8*$!
{
	archiveVersion = 1;
	classes = {
	};
	objectVersion = 55;
	objects = {

/* Begin PBXBuildFile section */
		2DB074FF281FA6BF0013624F /* GreenAroundUsApp.swift in Sources */ = {isa = PBXBuildFile; fileRef = 2DB074FE281FA6BF0013624F /* GreenAroundUsApp.swift */; };
		2DB07501281FA6BF0013624F /* ContentView.swift in Sources */ = {isa = PBXBuildFile; fileRef = 2DB07500281FA6BF0013624F /* ContentView.swift */; };
		2DB07503281FA6C10013624F /* Assets.xcassets in Resources */ = {isa = PBXBuildFile; fileRef = 2DB07502281FA6C10013624F /* Assets.xcassets */; };
		2DB07506281FA6C10013624F /* Preview Assets.xcassets in Resources */ = {isa = PBXBuildFile; fileRef = 2DB07505281FA6C10013624F /* Preview Assets.xcassets */; };
		2DB07516281FADFC0013624F /* ExplorePage.swift in Sources */ = {isa = PBXBuildFile; fileRef = 2DB07515281FADFC0013624F /* ExplorePage.swift */; };
		2DB07518281FAE1A0013624F /* WalkPage.swift in Sources */ = {isa = PBXBuildFile; fileRef = 2DB07517281FAE1A0013624F /* WalkPage.swift */; };
		2DB0751A281FB7430013624F /* MapView.swift in Sources */ = {isa = PBXBuildFile; fileRef = 2DB07519281FB7430013624F /* MapView.swift */; };
		2DB0751F281FC2A50013624F /* SpotView.swift in Sources */ = {isa = PBXBuildFile; fileRef = 2DB0751E281FC2A50013624F /* SpotView.swift */; };
		2DB26A2228212D37005CA960 /* DetailPage.swift in Sources */ = {isa = PBXBuildFile; fileRef = 2DB26A2128212D37005CA960 /* DetailPage.swift */; };
		2DB26A2528224714005CA960 /* WalkAroundPage.swift in Sources */ = {isa = PBXBuildFile; fileRef = 2DB26A2428224714005CA960 /* WalkAroundPage.swift */; };
		2DBB28A12823BD670028C3B2 /* ScrollingHStackModifier.swift in Sources */ = {isa = PBXBuildFile; fileRef = 2DBB28A02823BD670028C3B2 /* ScrollingHStackModifier.swift */; };
		2DBB28A32823D6BE0028C3B2 /* treeModel.swift in Sources */ = {isa = PBXBuildFile; fileRef = 2DBB28A22823D6BE0028C3B2 /* treeModel.swift */; };
		2DBB28A52823E4C80028C3B2 /* PosModel.swift in Sources */ = {isa = PBXBuildFile; fileRef = 2DBB28A42823E4C80028C3B2 /* PosModel.swift */; };
/* End PBXBuildFile section */

/* Begin PBXFileReference section */
		2DB074FB281FA6BF0013624F /* GreenAroundUs.app */ = {isa = PBXFileReference; explicitFileType = wrapper.application; includeInIndex = 0; path = GreenAroundUs.app; sourceTree = BUILT_PRODUCTS_DIR; };
		2DB074FE281FA6BF0013624F /* GreenAroundUsApp.swift */ = {isa = PBXFileReference; lastKnownFileType = sourcecode.swift; path = GreenAroundUsApp.swift; sourceTree = "<group>"; };
		2DB07500281FA6BF0013624F /* ContentView.swift */ = {isa = PBXFileReference; lastKnownFileType = sourcecode.swift; path = ContentView.swift; sourceTree = "<group>"; };
		2DB07502281FA6C10013624F /* Assets.xcassets */ = {isa = PBXFileReference; lastKnownFileType = folder.assetcatalog; path = Assets.xcassets; sourceTree = "<group>"; };
		2DB07505281FA6C10013624F /* Preview Assets.xcassets */ = {isa = PBXFileReference; lastKnownFileType = folder.assetcatalog; path = "Preview Assets.xcassets"; sourceTree = "<group>"; };
		2DB07515281FADFC0013624F /* ExplorePage.swift */ = {isa = PBXFileReference; lastKnownFileType = sourcecode.swift; path = ExplorePage.swift; sourceTree = "<group>"; };
		2DB07517281FAE1A0013624F /* WalkPage.swift */ = {isa = PBXFileReference; lastKnownFileType = sourcecode.swift; path = WalkPage.swift; sourceTree = "<group>"; };
		2DB07519281FB7430013624F /* MapView.swift */ = {isa = PBXFileReference; lastKnownFileType = sourcecode.swift; path = MapView.swift; sourceTree = "<group>"; };
		2DB0751E281FC2A50013624F /* SpotView.swift */ = {isa = PBXFileReference; lastKnownFileType = sourcecode.swift; path = SpotView.swift; sourceTree = "<group>"; };
		2DB26A2128212D37005CA960 /* DetailPage.swift */ = {isa = PBXFileReference; lastKnownFileType = sourcecode.swift; path = DetailPage.swift; sourceTree = "<group>"; };
		2DB26A2328223E3B005CA960 /* Info.plist */ = {isa = PBXFileReference; lastKnownFileType = text.plist; path = Info.plist; sourceTree = "<group>"; };
		2DB26A2428224714005CA960 /* WalkAroundPage.swift */ = {isa = PBXFileReference; lastKnownFileType = sourcecode.swift; path = WalkAroundPage.swift; sourceTree = "<group>"; };
		2DBB28A02823BD670028C3B2 /* ScrollingHStackModifier.swift */ = {isa = PBXFileReference; lastKnownFileType = sourcecode.swift; path = ScrollingHStackModifier.swift; sourceTree = "<group>"; };
		2DBB28A22823D6BE0028C3B2 /* treeModel.swift */ = {isa = PBXFileReference; lastKnownFileType = sourcecode.swift; path = treeModel.swift; sourceTree = "<group>"; };
		2DBB28A42823E4C80028C3B2 /* PosModel.swift */ = {isa = PBXFileReference; lastKnownFileType = sourcecode.swift; path = PosModel.swift; sourceTree = "<group>"; };
/* End PBXFileReference section */

/* Begin PBXFrameworksBuildPhase section */
		2DB074F8281FA6BF0013624F /* Frameworks */ = {
			isa = PBXFrameworksBuildPhase;
			buildActionMask = 2147483647;
			files = (
			);
			runOnlyForDeploymentPostprocessing = 0;
		};
/* End PBXFrameworksBuildPhase section */

/* Begin PBXGroup section */
		2DB074F2281FA6BF0013624F = {
			isa = PBXGroup;
			children = (
				2DB074FD281FA6BF0013624F /* GreenAroundUs */,
				2DB074FC281FA6BF0013624F /* Products */,
			);
			sourceTree = "<group>";
		};
		2DB074FC281FA6BF0013624F /* Products */ = {
			isa = PBXGroup;
			children = (
				2DB074FB281FA6BF0013624F /* GreenAroundUs.app */,
			);
			name = Products;
			sourceTree = "<group>";
		};
		2DB074FD281FA6BF0013624F /* GreenAroundUs */ = {
			isa = PBXGroup;
			children = (
				2DB26A2328223E3B005CA960 /* Info.plist */,
				2DB074FE281FA6BF0013624F /* GreenAroundUsApp.swift */,
				2DB07500281FA6BF0013624F /* ContentView.swift */,
				2DB26A202821134C005CA960 /* ViewModel */,
				2DB26A1E2821133D005CA960 /* Model */,
				2DB0750C281FAABD0013624F /* View */,
				2DB07502281FA6C10013624F /* Assets.xcassets */,
				2DB07504281FA6C10013624F /* Preview Content */,
			);
			path = GreenAroundUs;
			sourceTree = "<group>";
		};
		2DB07504281FA6C10013624F /* Preview Content */ = {
			isa = PBXGroup;
			children = (
				2DB07505281FA6C10013624F /* Preview Assets.xcassets */,
			);
			path = "Preview Content";
			sourceTree = "<group>";
		};
		2DB0750C281FAABD0013624F /* View */ = {
			isa = PBXGroup;
			children = (
				2DB07515281FADFC0013624F /* ExplorePage.swift */,
				2DB07519281FB7430013624F /* MapView.swift */,
				2DB0751E281FC2A50013624F /* SpotView.swift */,
				2DB26A2128212D37005CA960 /* DetailPage.swift */,
				2DB07517281FAE1A0013624F /* WalkPage.swift */,
				2DB26A2428224714005CA960 /* WalkAroundPage.swift */,
			);
			path = View;
			sourceTree = "<group>";
		};
		2DB26A1E2821133D005CA960 /* Model */ = {
			isa = PBXGroup;
			children = (
				2DBB28A22823D6BE0028C3B2 /* treeModel.swift */,
				2DBB28A42823E4C80028C3B2 /* PosModel.swift */,
			);
			path = Model;
			sourceTree = "<group>";
		};
		2DB26A202821134C005CA960 /* ViewModel */ = {
			isa = PBXGroup;
			children = (
				2DBB28A02823BD670028C3B2 /* ScrollingHStackModifier.swift */,
			);
			path = ViewModel;
			sourceTree = "<group>";
		};
/* End PBXGroup section */

/* Begin PBXNativeTarget section */
		2DB074FA281FA6BF0013624F /* GreenAroundUs */ = {
			isa = PBXNativeTarget;
			buildConfigurationList = 2DB07509281FA6C10013624F /* Build configuration list for PBXNativeTarget "GreenAroundUs" */;
			buildPhases = (
				2DB074F7281FA6BF0013624F /* Sources */,
				2DB074F8281FA6BF0013624F /* Frameworks */,
				2DB074F9281FA6BF0013624F /* Resources */,
			);
			buildRules = (
			);
			dependencies = (
			);
			name = GreenAroundUs;
			productName = GreenAroundUs;
			productReference = 2DB074FB281FA6BF0013624F /* GreenAroundUs.app */;
			productType = "com.apple.product-type.application";
		};
/* End PBXNativeTarget section */

/* Begin PBXProject section */
		2DB074F3281FA6BF0013624F /* Project object */ = {
			isa = PBXProject;
			attributes = {
				BuildIndependentTargetsInParallel = 1;
				LastSwiftUpdateCheck = 1330;
				LastUpgradeCheck = 1330;
				TargetAttributes = {
					2DB074FA281FA6BF0013624F = {
						CreatedOnToolsVersion = 13.3.1;
					};
				};
			};
			buildConfigurationList = 2DB074F6281FA6BF0013624F /* Build configuration list for PBXProject "GreenAroundUs" */;
			compatibilityVersion = "Xcode 13.0";
			developmentRegion = en;
			hasScannedForEncodings = 0;
			knownRegions = (
				en,
				Base,
			);
			mainGroup = 2DB074F2281FA6BF0013624F;
			productRefGroup = 2DB074FC281FA6BF0013624F /* Products */;
			projectDirPath = "";
			projectRoot = "";
			targets = (
				2DB074FA281FA6BF0013624F /* GreenAroundUs */,
			);
		};
/* End PBXProject section */

/* Begin PBXResourcesBuildPhase section */
		2DB074F9281FA6BF0013624F /* Resources */ = {
			isa = PBXResourcesBuildPhase;
			buildActionMask = 2147483647;
			files = (
				2DB07506281FA6C10013624F /* Preview Assets.xcassets in Resources */,
				2DB07503281FA6C10013624F /* Assets.xcassets in Resources */,
			);
			runOnlyForDeploymentPostprocessing = 0;
		};
/* End PBXResourcesBuildPhase section */

/* Begin PBXSourcesBuildPhase section */
		2DB074F7281FA6BF0013624F /* Sources */ = {
			isa = PBXSourcesBuildPhase;
			buildActionMask = 2147483647;
			files = (
				2DB07516281FADFC0013624F /* ExplorePage.swift in Sources */,
				2DB07518281FAE1A0013624F /* WalkPage.swift in Sources */,
				2DB0751F281FC2A50013624F /* SpotView.swift in Sources */,
				2DBB28A52823E4C80028C3B2 /* PosModel.swift in Sources */,
				2DBB28A12823BD670028C3B2 /* ScrollingHStackModifier.swift in Sources */,
				2DB0751A281FB7430013624F /* MapView.swift in Sources */,
				2DB26A2528224714005CA960 /* WalkAroundPage.swift in Sources */,
				2DB07501281FA6BF0013624F /* ContentView.swift in Sources */,
				2DBB28A32823D6BE0028C3B2 /* treeModel.swift in Sources */,
				2DB074FF281FA6BF0013624F /* GreenAroundUsApp.swift in Sources */,
				2DB26A2228212D37005CA960 /* DetailPage.swift in Sources */,
			);
			runOnlyForDeploymentPostprocessing = 0;
		};
/* End PBXSourcesBuildPhase section */

/* Begin XCBuildConfiguration section */
		2DB07507281FA6C10013624F /* Debug */ = {
			isa = XCBuildConfiguration;
			buildSettings = {
				ALWAYS_SEARCH_USER_PATHS = NO;
				CLANG_ANALYZER_NONNULL = YES;
				CLANG_ANALYZER_NUMBER_OBJECT_CONVERSION = YES_AGGRESSIVE;
				CLANG_CXX_LANGUAGE_STANDARD = "gnu++17";
				CLANG_ENABLE_MODULES = YES;
				CLANG_ENABLE_OBJC_ARC = YES;
				CLANG_ENABLE_OBJC_WEAK = YES;
				CLANG_WARN_BLOCK_CAPTURE_AUTORELEASING = YES;
				CLANG_WARN_BOOL_CONVERSION = YES;
				CLANG_WARN_COMMA = YES;
				CLANG_WARN_CONSTANT_CONVERSION = YES;
				CLANG_WARN_DEPRECATED_OBJC_IMPLEMENTATIONS = YES;
				CLANG_WARN_DIRECT_OBJC_ISA_USAGE = YES_ERROR;
				CLANG_WARN_DOCUMENTATION_COMMENTS = YES;
				CLANG_WARN_EMPTY_BODY = YES;
				CLANG_WARN_ENUM_CONVERSION = YES;
				CLANG_WARN_INFINITE_RECURSION = YES;
				CLANG_WARN_INT_CONVERSION = YES;
				CLANG_WARN_NON_LITERAL_NULL_CONVERSION = YES;
				CLANG_WARN_OBJC_IMPLICIT_RETAIN_SELF = YES;
				CLANG_WARN_OBJC_LITERAL_CONVERSION = YES;
				CLANG_WARN_OBJC_ROOT_CLASS = YES_ERROR;
				CLANG_WARN_QUOTED_INCLUDE_IN_FRAMEWORK_HEADER = YES;
				CLANG_WARN_RANGE_LOOP_ANALYSIS = YES;
				CLANG_WARN_STRICT_PROTOTYPES = YES;
				CLANG_WARN_SUSPICIOUS_MOVE = YES;
				CLANG_WARN_UNGUARDED_AVAILABILITY = YES_AGGRESSIVE;
				CLANG_WARN_UNREACHABLE_CODE = YES;
				CLANG_WARN__DUPLICATE_METHOD_MATCH = YES;
				COPY_PHASE_STRIP = NO;
				DEBUG_INFORMATION_FORMAT = dwarf;
				ENABLE_STRICT_OBJC_MSGSEND = YES;
				ENABLE_TESTABILITY = YES;
				GCC_C_LANGUAGE_STANDARD = gnu11;
				GCC_DYNAMIC_NO_PIC = NO;
				GCC_NO_COMMON_BLOCKS = YES;
				GCC_OPTIMIZATION_LEVEL = 0;
				GCC_PREPROCESSOR_DEFINITIONS = (
					"DEBUG=1",
					"$(inherited)",
				);
				GCC_WARN_64_TO_32_BIT_CONVERSION = YES;
				GCC_WARN_ABOUT_RETURN_TYPE = YES_ERROR;
				GCC_WARN_UNDECLARED_SELECTOR = YES;
				GCC_WARN_UNINITIALIZED_AUTOS = YES_AGGRESSIVE;
				GCC_WARN_UNUSED_FUNCTION = YES;
				GCC_WARN_UNUSED_VARIABLE = YES;
				IPHONEOS_DEPLOYMENT_TARGET = 15.4;
				MTL_ENABLE_DEBUG_INFO = INCLUDE_SOURCE;
				MTL_FAST_MATH = YES;
				ONLY_ACTIVE_ARCH = YES;
				SDKROOT = iphoneos;
				SWIFT_ACTIVE_COMPILATION_CONDITIONS = DEBUG;
				SWIFT_OPTIMIZATION_LEVEL = "-Onone";
			};
			name = Debug;
		};
		2DB07508281FA6C10013624F /* Release */ = {
			isa = XCBuildConfiguration;
			buildSettings = {
				ALWAYS_SEARCH_USER_PATHS = NO;
				CLANG_ANALYZER_NONNULL = YES;
				CLANG_ANALYZER_NUMBER_OBJECT_CONVERSION = YES_AGGRESSIVE;
				CLANG_CXX_LANGUAGE_STANDARD = "gnu++17";
				CLANG_ENABLE_MODULES = YES;
				CLANG_ENABLE_OBJC_ARC = YES;
				CLANG_ENABLE_OBJC_WEAK = YES;
				CLANG_WARN_BLOCK_CAPTURE_AUTORELEASING = YES;
				CLANG_WARN_BOOL_CONVERSION = YES;
				CLANG_WARN_COMMA = YES;
				CLANG_WARN_CONSTANT_CONVERSION = YES;
				CLANG_WARN_DEPRECATED_OBJC_IMPLEMENTATIONS = YES;
				CLANG_WARN_DIRECT_OBJC_ISA_USAGE = YES_ERROR;
				CLANG_WARN_DOCUMENTATION_COMMENTS = YES;
				CLANG_WARN_EMPTY_BODY = YES;
				CLANG_WARN_ENUM_CONVERSION = YES;
				CLANG_WARN_INFINITE_RECURSION = YES;
				CLANG_WARN_INT_CONVERSION = YES;
				CLANG_WARN_NON_LITERAL_NULL_CONVERSION = YES;
				CLANG_WARN_OBJC_IMPLICIT_RETAIN_SELF = YES;
				CLANG_WARN_OBJC_LITERAL_CONVERSION = YES;
				CLANG_WARN_OBJC_ROOT_CLASS = YES_ERROR;
				CLANG_WARN_QUOTED_INCLUDE_IN_FRAMEWORK_HEADER = YES;
				CLANG_WARN_RANGE_LOOP_ANALYSIS = YES;
				CLANG_WARN_STRICT_PROTOTYPES = YES;
				CLANG_WARN_SUSPICIOUS_MOVE = YES;
				CLANG_WARN_UNGUARDED_AVAILABILITY = YES_AGGRESSIVE;
				CLANG_WARN_UNREACHABLE_CODE = YES;
				CLANG_WARN__DUPLICATE_METHOD_MATCH = YES;
				COPY_PHASE_STRIP = NO;
				DEBUG_INFORMATION_FORMAT = "dwarf-with-dsym";
				ENABLE_NS_ASSERTIONS = NO;
				ENABLE_STRICT_OBJC_MSGSEND = YES;
				GCC_C_LANGUAGE_STANDARD = gnu11;
				GCC_NO_COMMON_BLOCKS = YES;
				GCC_WARN_64_TO_32_BIT_CONVERSION = YES;
				GCC_WARN_ABOUT_RETURN_TYPE = YES_ERROR;
				GCC_WARN_UNDECLARED_SELECTOR = YES;
				GCC_WARN_UNINITIALIZED_AUTOS = YES_AGGRESSIVE;
				GCC_WARN_UNUSED_FUNCTION = YES;
				GCC_WARN_UNUSED_VARIABLE = YES;
				IPHONEOS_DEPLOYMENT_TARGET = 15.4;
				MTL_ENABLE_DEBUG_INFO = NO;
				MTL_FAST_MATH = YES;
				SDKROOT = iphoneos;
				SWIFT_COMPILATION_MODE = wholemodule;
				SWIFT_OPTIMIZATION_LEVEL = "-O";
				VALIDATE_PRODUCT = YES;
			};
			name = Release;
		};
		2DB0750A281FA6C10013624F /* Debug */ = {
			isa = XCBuildConfiguration;
			buildSettings = {
				ASSETCATALOG_COMPILER_APPICON_NAME = AppIcon;
				ASSETCATALOG_COMPILER_GLOBAL_ACCENT_COLOR_NAME = AccentColor;
				CODE_SIGN_STYLE = Automatic;
				CURRENT_PROJECT_VERSION = 1;
				DEVELOPMENT_ASSET_PATHS = "\"GreenAroundUs/Preview Content\"";
				DEVELOPMENT_TEAM = LR5A5F6L75;
				ENABLE_PREVIEWS = YES;
				GENERATE_INFOPLIST_FILE = YES;
				INFOPLIST_FILE = GreenAroundUs/Info.plist;
				INFOPLIST_KEY_UIApplicationSceneManifest_Generation = YES;
				INFOPLIST_KEY_UIApplicationSupportsIndirectInputEvents = YES;
				INFOPLIST_KEY_UILaunchScreen_Generation = YES;
				INFOPLIST_KEY_UISupportedInterfaceOrientations = UIInterfaceOrientationPortrait;
				INFOPLIST_KEY_UISupportedInterfaceOrientations_iPad = "UIInterfaceOrientationPortrait UIInterfaceOrientationPortraitUpsideDown UIInterfaceOrientationLandscapeLeft UIInterfaceOrientationLandscapeRight";
				INFOPLIST_KEY_UISupportedInterfaceOrientations_iPhone = "UIInterfaceOrientationPortrait UIInterfaceOrientationLandscapeLeft UIInterfaceOrientationLandscapeRight";
				LD_RUNPATH_SEARCH_PATHS = (
					"$(inherited)",
					"@executable_path/Frameworks",
				);
				MARKETING_VERSION = 1.0;
				PRODUCT_BUNDLE_IDENTIFIER = "com.cool-song.hotToast.GreenAroundUs";
				PRODUCT_NAME = "$(TARGET_NAME)";
				SWIFT_EMIT_LOC_STRINGS = YES;
				SWIFT_VERSION = 5.0;
				TARGETED_DEVICE_FAMILY = "1,2";
			};
			name = Debug;
		};
		2DB0750B281FA6C10013624F /* Release */ = {
			isa = XCBuildConfiguration;
			buildSettings = {
				ASSETCATALOG_COMPILER_APPICON_NAME = AppIcon;
				ASSETCATALOG_COMPILER_GLOBAL_ACCENT_COLOR_NAME = AccentColor;
				CODE_SIGN_STYLE = Automatic;
				CURRENT_PROJECT_VERSION = 1;
				DEVELOPMENT_ASSET_PATHS = "\"GreenAroundUs/Preview Content\"";
				DEVELOPMENT_TEAM = LR5A5F6L75;
				ENABLE_PREVIEWS = YES;
				GENERATE_INFOPLIST_FILE = YES;
				INFOPLIST_FILE = GreenAroundUs/Info.plist;
				INFOPLIST_KEY_UIApplicationSceneManifest_Generation = YES;
				INFOPLIST_KEY_UIApplicationSupportsIndirectInputEvents = YES;
				INFOPLIST_KEY_UILaunchScreen_Generation = YES;
				INFOPLIST_KEY_UISupportedInterfaceOrientations = UIInterfaceOrientationPortrait;
				INFOPLIST_KEY_UISupportedInterfaceOrientations_iPad = "UIInterfaceOrientationPortrait UIInterfaceOrientationPortraitUpsideDown UIInterfaceOrientationLandscapeLeft UIInterfaceOrientationLandscapeRight";
				INFOPLIST_KEY_UISupportedInterfaceOrientations_iPhone = "UIInterfaceOrientationPortrait UIInterfaceOrientationLandscapeLeft UIInterfaceOrientationLandscapeRight";
				LD_RUNPATH_SEARCH_PATHS = (
					"$(inherited)",
					"@executable_path/Frameworks",
				);
				MARKETING_VERSION = 1.0;
				PRODUCT_BUNDLE_IDENTIFIER = "com.cool-song.hotToast.GreenAroundUs";
				PRODUCT_NAME = "$(TARGET_NAME)";
				SWIFT_EMIT_LOC_STRINGS = YES;
				SWIFT_VERSION = 5.0;
				TARGETED_DEVICE_FAMILY = "1,2";
			};
			name = Release;
		};
/* End XCBuildConfiguration section */

/* Begin XCConfigurationList section */
		2DB074F6281FA6BF0013624F /* Build configuration list for PBXProject "GreenAroundUs" */ = {
			isa = XCConfigurationList;
			buildConfigurations = (
				2DB07507281FA6C10013624F /* Debug */,
				2DB07508281FA6C10013624F /* Release */,
			);
			defaultConfigurationIsVisible = 0;
			defaultConfigurationName = Release;
		};
		2DB07509281FA6C10013624F /* Build configuration list for PBXNativeTarget "GreenAroundUs" */ = {
			isa = XCConfigurationList;
			buildConfigurations = (
				2DB0750A281FA6C10013624F /* Debug */,
				2DB0750B281FA6C10013624F /* Release */,
			);
			defaultConfigurationIsVisible = 0;
			defaultConfigurationName = Release;
		};
/* End XCConfigurationList section */
	};
	rootObject = 2DB074F3281FA6BF0013624F /* Project object */;
}
